github.com/schollz/logger v1.2.0 h1:5WXfINRs3lEUTCZ7YXhj0uN+qukjizvITLm3Ca2m0Ho=
github.com/schollz/logger v1.2.0/go.mod h1:P6F4/dGMGcx8wh+kG1zrNEd4vnNpEBY/mwEMd/vn6AM=
gitlab.com/gomidi/midi/v2 v2.2.19 h1:/Ktpf21SIOX61gg8PJ7wYLSsD+dOU1e3z3tlO9OS+Zs=
gitlab.com/gomidi/midi/v2 v2.2.19/go.mod h1:ENtYaJPOwb2N+y7ihv/L7R4GtWjbknouhIIkMrJ5C0g=
